
Microsoft Visual Studio Solution File, Format Version 12.00
# Visual Studio 15
VisualStudioVersion = 15.0.27130.2010
MinimumVisualStudioVersion = 10.0.40219.1
Project("{9A19103F-16F7-4668-BE54-9A1E7A4F7556}") = "BenDotNet.System.RFID", "Source\BenDotNet.RFID\BenDotNet.RFID.csproj", "{7A7AFE53-BFA5-4BBC-BA15-86CC48DA7E50}"
EndProject
Project("{9A19103F-16F7-4668-BE54-9A1E7A4F7556}") = "BenDotNet.System.RFID.UHFEPC", "Source\BenDotNet.RFID.UHFEPC\BenDotNet.RFID.UHFEPC.csproj", "{D3951161-1276-47F6-A6BE-86E3D91FFC1D}"
EndProject
Project("{9A19103F-16F7-4668-BE54-9A1E7A4F7556}") = "BenDotNet.System.RFID.NFC", "Source\BenDotNet.RFID.NFC\BenDotNet.RFID.NFC.csproj", "{B4277540-55EC-4594-8604-8D4BC4B5BAD5}"
EndProject
Global
	GlobalSection(SolutionConfigurationPlatforms) = preSolution
		Debug|Any CPU = Debug|Any CPU
		Release|Any CPU = Release|Any CPU
	EndGlobalSection
	GlobalSection(ProjectConfigurationPlatforms) = postSolution
		{7A7AFE53-BFA5-4BBC-BA15-86CC48DA7E50}.Debug|Any CPU.ActiveCfg = Debug|Any CPU
		{7A7AFE53-BFA5-4BBC-BA15-86CC48DA7E50}.Debug|Any CPU.Build.0 = Debug|Any CPU
		{7A7AFE53-BFA5-4BBC-BA15-86CC48DA7E50}.Release|Any CPU.ActiveCfg = Release|Any CPU
		{7A7AFE53-BFA5-4BBC-BA15-86CC48DA7E50}.Release|Any CPU.Build.0 = Release|Any CPU
		{D3951161-1276-47F6-A6BE-86E3D91FFC1D}.Debug|Any CPU.ActiveCfg = Debug|Any CPU
		{D3951161-1276-47F6-A6BE-86E3D91FFC1D}.Debug|Any CPU.Build.0 = Debug|Any CPU
		{D3951161-1276-47F6-A6BE-86E3D91FFC1D}.Release|Any CPU.ActiveCfg = Release|Any CPU
		{D3951161-1276-47F6-A6BE-86E3D91FFC1D}.Release|Any CPU.Build.0 = Release|Any CPU
		{B4277540-55EC-4594-8604-8D4BC4B5BAD5}.Debug|Any CPU.ActiveCfg = Debug|Any CPU
		{B4277540-55EC-4594-8604-8D4BC4B5BAD5}.Debug|Any CPU.Build.0 = Debug|Any CPU
		{B4277540-55EC-4594-8604-8D4BC4B5BAD5}.Release|Any CPU.ActiveCfg = Release|Any CPU
		{B4277540-55EC-4594-8604-8D4BC4B5BAD5}.Release|Any CPU.Build.0 = Release|Any CPU
	EndGlobalSection
	GlobalSection(SolutionProperties) = preSolution
		HideSolutionNode = FALSE
	EndGlobalSection
	GlobalSection(ExtensibilityGlobals) = postSolution
		SolutionGuid = {3E301378-FACD-44F4-97B2-C127EB6B8447}
	EndGlobalSection
EndGlobal
